
Microsoft Visual Studio Solution File, Format Version 12.00
# Visual Studio Version 16
VisualStudioVersion = 16.0.30225.117
MinimumVisualStudioVersion = 10.0.40219.1
Project("{FAE04EC0-301F-11D3-BF4B-00C04F79EFBC}") = "RestfulAPI_Manager", "RestfulAPI_Manager\RestfulAPI_Manager.csproj", "{1E9A4C8E-217C-4B9D-9685-84017187B25D}"
EndProject
Project("{FAE04EC0-301F-11D3-BF4B-00C04F79EFBC}") = "RestfulApi.Manager.Client", "RestfulApi.Manager.Client\RestfulApi.Manager.Client.csproj", "{D52B6B58-5D86-4D9A-BF18-7CD282E5BA1D}"
EndProject
Global
	GlobalSection(SolutionConfigurationPlatforms) = preSolution
		Debug|Any CPU = Debug|Any CPU
		Release|Any CPU = Release|Any CPU
	EndGlobalSection
	GlobalSection(ProjectConfigurationPlatforms) = postSolution
		{1E9A4C8E-217C-4B9D-9685-84017187B25D}.Debug|Any CPU.ActiveCfg = Debug|Any CPU
		{1E9A4C8E-217C-4B9D-9685-84017187B25D}.Debug|Any CPU.Build.0 = Debug|Any CPU
		{1E9A4C8E-217C-4B9D-9685-84017187B25D}.Release|Any CPU.ActiveCfg = Release|Any CPU
		{1E9A4C8E-217C-4B9D-9685-84017187B25D}.Release|Any CPU.Build.0 = Release|Any CPU
		{D52B6B58-5D86-4D9A-BF18-7CD282E5BA1D}.Debug|Any CPU.ActiveCfg = Debug|Any CPU
		{D52B6B58-5D86-4D9A-BF18-7CD282E5BA1D}.Debug|Any CPU.Build.0 = Debug|Any CPU
		{D52B6B58-5D86-4D9A-BF18-7CD282E5BA1D}.Release|Any CPU.ActiveCfg = Release|Any CPU
		{D52B6B58-5D86-4D9A-BF18-7CD282E5BA1D}.Release|Any CPU.Build.0 = Release|Any CPU
	EndGlobalSection
	GlobalSection(SolutionProperties) = preSolution
		HideSolutionNode = FALSE
	EndGlobalSection
	GlobalSection(ExtensibilityGlobals) = postSolution
		SolutionGuid = {AD88234D-2C1D-42A8-AA94-1727EB5E2A6B}
	EndGlobalSection
EndGlobal
